// !$*UTF8*$!
{
	archiveVersion = 1;
	classes = {
	};
	objectVersion = 55;
	objects = {

/* Begin PBXBuildFile section */
		2C54D0D127E148A2003B6371 /* AppDelegate.swift in Sources */ = {isa = PBXBuildFile; fileRef = 2C54D0D027E148A2003B6371 /* AppDelegate.swift */; };
		2C54D0D327E148A2003B6371 /* SceneDelegate.swift in Sources */ = {isa = PBXBuildFile; fileRef = 2C54D0D227E148A2003B6371 /* SceneDelegate.swift */; };
		2C54D0D827E148A2003B6371 /* Main.storyboard in Resources */ = {isa = PBXBuildFile; fileRef = 2C54D0D627E148A2003B6371 /* Main.storyboard */; };
		2C54D0DA27E148A4003B6371 /* Assets.xcassets in Resources */ = {isa = PBXBuildFile; fileRef = 2C54D0D927E148A4003B6371 /* Assets.xcassets */; };
		2C54D0DD27E148A4003B6371 /* LaunchScreen.storyboard in Resources */ = {isa = PBXBuildFile; fileRef = 2C54D0DB27E148A4003B6371 /* LaunchScreen.storyboard */; };
		2C54D0E827E148A4003B6371 /* code_challengeTests.swift in Sources */ = {isa = PBXBuildFile; fileRef = 2C54D0E727E148A4003B6371 /* code_challengeTests.swift */; };
		2C54D0F227E148A4003B6371 /* code_challengeUITests.swift in Sources */ = {isa = PBXBuildFile; fileRef = 2C54D0F127E148A4003B6371 /* code_challengeUITests.swift */; };
		2C54D0F427E148A4003B6371 /* code_challengeUITestsLaunchTests.swift in Sources */ = {isa = PBXBuildFile; fileRef = 2C54D0F327E148A4003B6371 /* code_challengeUITestsLaunchTests.swift */; };
		2C54D10527E14BB6003B6371 /* RegisterViewController.swift in Sources */ = {isa = PBXBuildFile; fileRef = 2C54D10427E14BB6003B6371 /* RegisterViewController.swift */; };
		2C54D10727E14BCF003B6371 /* UserListViewController.swift in Sources */ = {isa = PBXBuildFile; fileRef = 2C54D10627E14BCF003B6371 /* UserListViewController.swift */; };
		2C54D10927E14BDC003B6371 /* UserDetailViewController.swift in Sources */ = {isa = PBXBuildFile; fileRef = 2C54D10827E14BDC003B6371 /* UserDetailViewController.swift */; };
		2CA69E3227E2789C0011F79A /* MainCoordinator.swift in Sources */ = {isa = PBXBuildFile; fileRef = 2CA69E3127E2789C0011F79A /* MainCoordinator.swift */; };
		2CA69E3427E279DE0011F79A /* AppCoordinator.swift in Sources */ = {isa = PBXBuildFile; fileRef = 2CA69E3327E279DE0011F79A /* AppCoordinator.swift */; };
		2CA69E3727E2831C0011F79A /* EmailValidator.swift in Sources */ = {isa = PBXBuildFile; fileRef = 2CA69E3627E2831C0011F79A /* EmailValidator.swift */; };
		2CA69E3927E28A0E0011F79A /* UITextField+Ext.swift in Sources */ = {isa = PBXBuildFile; fileRef = 2CA69E3827E28A0E0011F79A /* UITextField+Ext.swift */; };
		2CCD0E2B27E362DD00527ACA /* ApiClient.swift in Sources */ = {isa = PBXBuildFile; fileRef = 2CCD0E2A27E362DD00527ACA /* ApiClient.swift */; };
		2CCD0E2D27E36E8400527ACA /* TargetType.swift in Sources */ = {isa = PBXBuildFile; fileRef = 2CCD0E2C27E36E8400527ACA /* TargetType.swift */; };
		2CCD0E2F27E3728B00527ACA /* UserListCoordinator.swift in Sources */ = {isa = PBXBuildFile; fileRef = 2CCD0E2E27E3728B00527ACA /* UserListCoordinator.swift */; };
		2CCD0E3127E3738500527ACA /* UserListViewModel.swift in Sources */ = {isa = PBXBuildFile; fileRef = 2CCD0E3027E3738500527ACA /* UserListViewModel.swift */; };
		2CCD0E3427E3789300527ACA /* CombineTableViewDataSource.swift in Sources */ = {isa = PBXBuildFile; fileRef = 2CCD0E3327E3789300527ACA /* CombineTableViewDataSource.swift */; };
		2CCD0E3827E37AD500527ACA /* UserItemTableViewCell.swift in Sources */ = {isa = PBXBuildFile; fileRef = 2CCD0E3627E37AD500527ACA /* UserItemTableViewCell.swift */; };
		2CCD0E3927E37AD500527ACA /* UserItemTableViewCell.xib in Resources */ = {isa = PBXBuildFile; fileRef = 2CCD0E3727E37AD500527ACA /* UserItemTableViewCell.xib */; };
		2CCD0E3B27E37B1900527ACA /* UITableView+Ext.swift in Sources */ = {isa = PBXBuildFile; fileRef = 2CCD0E3A27E37B1900527ACA /* UITableView+Ext.swift */; };
		2CCD0E4027E386F200527ACA /* UserDetail.swift in Sources */ = {isa = PBXBuildFile; fileRef = 2CCD0E3F27E386F100527ACA /* UserDetail.swift */; };
		2CCD0E4227E3885200527ACA /* UserDetailViewModel.swift in Sources */ = {isa = PBXBuildFile; fileRef = 2CCD0E4127E3885200527ACA /* UserDetailViewModel.swift */; };
		2CCD0E4527E38B1E00527ACA /* Kingfisher in Frameworks */ = {isa = PBXBuildFile; productRef = 2CCD0E4427E38B1E00527ACA /* Kingfisher */; };
		2CCD0E4727E39BBD00527ACA /* APIError.swift in Sources */ = {isa = PBXBuildFile; fileRef = 2CCD0E4627E39BBD00527ACA /* APIError.swift */; };
		2CCD0E4D27E3A2EC00527ACA /* UserInfoTableViewCell.swift in Sources */ = {isa = PBXBuildFile; fileRef = 2CCD0E4B27E3A2EC00527ACA /* UserInfoTableViewCell.swift */; };
		2CCD0E4E27E3A2EC00527ACA /* UserInfoTableViewCell.xib in Resources */ = {isa = PBXBuildFile; fileRef = 2CCD0E4C27E3A2EC00527ACA /* UserInfoTableViewCell.xib */; };
		2CCD0E5027E3A77A00527ACA /* ErrorHandler.swift in Sources */ = {isa = PBXBuildFile; fileRef = 2CCD0E4F27E3A77A00527ACA /* ErrorHandler.swift */; };
		2CCD0E5427E3A9FE00527ACA /* IQKeyboardManagerSwift in Frameworks */ = {isa = PBXBuildFile; productRef = 2CCD0E5327E3A9FE00527ACA /* IQKeyboardManagerSwift */; };
		2CCD0E5627E3ACAE00527ACA /* RoutePath.swift in Sources */ = {isa = PBXBuildFile; fileRef = 2CCD0E5527E3ACAE00527ACA /* RoutePath.swift */; };
		2CCD0E5827E3AD2100527ACA /* URL+Ext.swift in Sources */ = {isa = PBXBuildFile; fileRef = 2CCD0E5727E3AD2100527ACA /* URL+Ext.swift */; };
		2CCD0E5C27E3B02000527ACA /* UserInfoItem.swift in Sources */ = {isa = PBXBuildFile; fileRef = 2CCD0E5B27E3B02000527ACA /* UserInfoItem.swift */; };
		2CCD0E5D27E3B02F00527ACA /* UserInfoItem.swift in Sources */ = {isa = PBXBuildFile; fileRef = 2CCD0E5B27E3B02000527ACA /* UserInfoItem.swift */; };
		2CCD0E5E27E3B02F00527ACA /* UserInfoItem.swift in Sources */ = {isa = PBXBuildFile; fileRef = 2CCD0E5B27E3B02000527ACA /* UserInfoItem.swift */; };
		2CCD0E6127E3B09400527ACA /* UserRepository.swift in Sources */ = {isa = PBXBuildFile; fileRef = 2CCD0E6027E3B09400527ACA /* UserRepository.swift */; };
		2CCD0E6227E3B09400527ACA /* UserRepository.swift in Sources */ = {isa = PBXBuildFile; fileRef = 2CCD0E6027E3B09400527ACA /* UserRepository.swift */; };
		2CE13BBA27E25EC00081F4EB /* Storyboard+Ext.swift in Sources */ = {isa = PBXBuildFile; fileRef = 2CE13BB927E25EC00081F4EB /* Storyboard+Ext.swift */; };
		2CE13BBC27E25EE70081F4EB /* StoryboardInstaniate.swift in Sources */ = {isa = PBXBuildFile; fileRef = 2CE13BBB27E25EE70081F4EB /* StoryboardInstaniate.swift */; };
		2CE13BC027E25FF80081F4EB /* User.swift in Sources */ = {isa = PBXBuildFile; fileRef = 2CE13BBF27E25FF80081F4EB /* User.swift */; };
		2CE13BC327E2610C0081F4EB /* Coordinator.swift in Sources */ = {isa = PBXBuildFile; fileRef = 2CE13BC227E2610C0081F4EB /* Coordinator.swift */; };
		2CE13BC527E261440081F4EB /* RegisterViewModel.swift in Sources */ = {isa = PBXBuildFile; fileRef = 2CE13BC427E261440081F4EB /* RegisterViewModel.swift */; };
/* End PBXBuildFile section */

/* Begin PBXContainerItemProxy section */
		2C54D0E427E148A4003B6371 /* PBXContainerItemProxy */ = {
			isa = PBXContainerItemProxy;
			containerPortal = 2C54D0C527E148A2003B6371 /* Project object */;
			proxyType = 1;
			remoteGlobalIDString = 2C54D0CC27E148A2003B6371;
			remoteInfo = code_challenge;
		};
		2C54D0EE27E148A4003B6371 /* PBXContainerItemProxy */ = {
			isa = PBXContainerItemProxy;
			containerPortal = 2C54D0C527E148A2003B6371 /* Project object */;
			proxyType = 1;
			remoteGlobalIDString = 2C54D0CC27E148A2003B6371;
			remoteInfo = code_challenge;
		};
/* End PBXContainerItemProxy section */

/* Begin PBXFileReference section */
		2C54D0CD27E148A2003B6371 /* code_challenge.app */ = {isa = PBXFileReference; explicitFileType = wrapper.application; includeInIndex = 0; path = code_challenge.app; sourceTree = BUILT_PRODUCTS_DIR; };
		2C54D0D027E148A2003B6371 /* AppDelegate.swift */ = {isa = PBXFileReference; lastKnownFileType = sourcecode.swift; path = AppDelegate.swift; sourceTree = "<group>"; };
		2C54D0D227E148A2003B6371 /* SceneDelegate.swift */ = {isa = PBXFileReference; lastKnownFileType = sourcecode.swift; path = SceneDelegate.swift; sourceTree = "<group>"; };
		2C54D0D727E148A2003B6371 /* Base */ = {isa = PBXFileReference; lastKnownFileType = file.storyboard; name = Base; path = Base.lproj/Main.storyboard; sourceTree = "<group>"; };
		2C54D0D927E148A4003B6371 /* Assets.xcassets */ = {isa = PBXFileReference; lastKnownFileType = folder.assetcatalog; path = Assets.xcassets; sourceTree = "<group>"; };
		2C54D0DC27E148A4003B6371 /* Base */ = {isa = PBXFileReference; lastKnownFileType = file.storyboard; name = Base; path = Base.lproj/LaunchScreen.storyboard; sourceTree = "<group>"; };
		2C54D0DE27E148A4003B6371 /* Info.plist */ = {isa = PBXFileReference; lastKnownFileType = text.plist.xml; path = Info.plist; sourceTree = "<group>"; };
		2C54D0E327E148A4003B6371 /* code_challengeTests.xctest */ = {isa = PBXFileReference; explicitFileType = wrapper.cfbundle; includeInIndex = 0; path = code_challengeTests.xctest; sourceTree = BUILT_PRODUCTS_DIR; };
		2C54D0E727E148A4003B6371 /* code_challengeTests.swift */ = {isa = PBXFileReference; lastKnownFileType = sourcecode.swift; path = code_challengeTests.swift; sourceTree = "<group>"; };
		2C54D0ED27E148A4003B6371 /* code_challengeUITests.xctest */ = {isa = PBXFileReference; explicitFileType = wrapper.cfbundle; includeInIndex = 0; path = code_challengeUITests.xctest; sourceTree = BUILT_PRODUCTS_DIR; };
		2C54D0F127E148A4003B6371 /* code_challengeUITests.swift */ = {isa = PBXFileReference; lastKnownFileType = sourcecode.swift; path = code_challengeUITests.swift; sourceTree = "<group>"; };
		2C54D0F327E148A4003B6371 /* code_challengeUITestsLaunchTests.swift */ = {isa = PBXFileReference; lastKnownFileType = sourcecode.swift; path = code_challengeUITestsLaunchTests.swift; sourceTree = "<group>"; };
		2C54D10427E14BB6003B6371 /* RegisterViewController.swift */ = {isa = PBXFileReference; lastKnownFileType = sourcecode.swift; path = RegisterViewController.swift; sourceTree = "<group>"; };
		2C54D10627E14BCF003B6371 /* UserListViewController.swift */ = {isa = PBXFileReference; lastKnownFileType = sourcecode.swift; path = UserListViewController.swift; sourceTree = "<group>"; };
		2C54D10827E14BDC003B6371 /* UserDetailViewController.swift */ = {isa = PBXFileReference; lastKnownFileType = sourcecode.swift; path = UserDetailViewController.swift; sourceTree = "<group>"; };
		2CA69E3127E2789C0011F79A /* MainCoordinator.swift */ = {isa = PBXFileReference; lastKnownFileType = sourcecode.swift; path = MainCoordinator.swift; sourceTree = "<group>"; };
		2CA69E3327E279DE0011F79A /* AppCoordinator.swift */ = {isa = PBXFileReference; lastKnownFileType = sourcecode.swift; path = AppCoordinator.swift; sourceTree = "<group>"; };
		2CA69E3627E2831C0011F79A /* EmailValidator.swift */ = {isa = PBXFileReference; lastKnownFileType = sourcecode.swift; path = EmailValidator.swift; sourceTree = "<group>"; };
		2CA69E3827E28A0E0011F79A /* UITextField+Ext.swift */ = {isa = PBXFileReference; lastKnownFileType = sourcecode.swift; path = "UITextField+Ext.swift"; sourceTree = "<group>"; };
		2CCD0E2A27E362DD00527ACA /* ApiClient.swift */ = {isa = PBXFileReference; lastKnownFileType = sourcecode.swift; path = ApiClient.swift; sourceTree = "<group>"; };
		2CCD0E2C27E36E8400527ACA /* TargetType.swift */ = {isa = PBXFileReference; lastKnownFileType = sourcecode.swift; path = TargetType.swift; sourceTree = "<group>"; };
		2CCD0E2E27E3728B00527ACA /* UserListCoordinator.swift */ = {isa = PBXFileReference; lastKnownFileType = sourcecode.swift; path = UserListCoordinator.swift; sourceTree = "<group>"; };
		2CCD0E3027E3738500527ACA /* UserListViewModel.swift */ = {isa = PBXFileReference; lastKnownFileType = sourcecode.swift; path = UserListViewModel.swift; sourceTree = "<group>"; };
		2CCD0E3327E3789300527ACA /* CombineTableViewDataSource.swift */ = {isa = PBXFileReference; lastKnownFileType = sourcecode.swift; path = CombineTableViewDataSource.swift; sourceTree = "<group>"; };
		2CCD0E3627E37AD500527ACA /* UserItemTableViewCell.swift */ = {isa = PBXFileReference; lastKnownFileType = sourcecode.swift; path = UserItemTableViewCell.swift; sourceTree = "<group>"; };
		2CCD0E3727E37AD500527ACA /* UserItemTableViewCell.xib */ = {isa = PBXFileReference; lastKnownFileType = file.xib; path = UserItemTableViewCell.xib; sourceTree = "<group>"; };
		2CCD0E3A27E37B1900527ACA /* UITableView+Ext.swift */ = {isa = PBXFileReference; lastKnownFileType = sourcecode.swift; path = "UITableView+Ext.swift"; sourceTree = "<group>"; };
		2CCD0E3F27E386F100527ACA /* UserDetail.swift */ = {isa = PBXFileReference; lastKnownFileType = sourcecode.swift; path = UserDetail.swift; sourceTree = "<group>"; };
		2CCD0E4127E3885200527ACA /* UserDetailViewModel.swift */ = {isa = PBXFileReference; lastKnownFileType = sourcecode.swift; path = UserDetailViewModel.swift; sourceTree = "<group>"; };
		2CCD0E4627E39BBD00527ACA /* APIError.swift */ = {isa = PBXFileReference; lastKnownFileType = sourcecode.swift; path = APIError.swift; sourceTree = "<group>"; };
		2CCD0E4B27E3A2EC00527ACA /* UserInfoTableViewCell.swift */ = {isa = PBXFileReference; lastKnownFileType = sourcecode.swift; path = UserInfoTableViewCell.swift; sourceTree = "<group>"; };
		2CCD0E4C27E3A2EC00527ACA /* UserInfoTableViewCell.xib */ = {isa = PBXFileReference; lastKnownFileType = file.xib; path = UserInfoTableViewCell.xib; sourceTree = "<group>"; };
		2CCD0E4F27E3A77A00527ACA /* ErrorHandler.swift */ = {isa = PBXFileReference; lastKnownFileType = sourcecode.swift; path = ErrorHandler.swift; sourceTree = "<group>"; };
		2CCD0E5527E3ACAE00527ACA /* RoutePath.swift */ = {isa = PBXFileReference; lastKnownFileType = sourcecode.swift; path = RoutePath.swift; sourceTree = "<group>"; };
		2CCD0E5727E3AD2100527ACA /* URL+Ext.swift */ = {isa = PBXFileReference; lastKnownFileType = sourcecode.swift; path = "URL+Ext.swift"; sourceTree = "<group>"; };
		2CCD0E5B27E3B02000527ACA /* UserInfoItem.swift */ = {isa = PBXFileReference; lastKnownFileType = sourcecode.swift; path = UserInfoItem.swift; sourceTree = "<group>"; };
		2CCD0E6027E3B09400527ACA /* UserRepository.swift */ = {isa = PBXFileReference; lastKnownFileType = sourcecode.swift; path = UserRepository.swift; sourceTree = "<group>"; };
		2CE13BB927E25EC00081F4EB /* Storyboard+Ext.swift */ = {isa = PBXFileReference; lastKnownFileType = sourcecode.swift; path = "Storyboard+Ext.swift"; sourceTree = "<group>"; };
		2CE13BBB27E25EE70081F4EB /* StoryboardInstaniate.swift */ = {isa = PBXFileReference; lastKnownFileType = sourcecode.swift; path = StoryboardInstaniate.swift; sourceTree = "<group>"; };
		2CE13BBF27E25FF80081F4EB /* User.swift */ = {isa = PBXFileReference; lastKnownFileType = sourcecode.swift; path = User.swift; sourceTree = "<group>"; };
		2CE13BC227E2610C0081F4EB /* Coordinator.swift */ = {isa = PBXFileReference; lastKnownFileType = sourcecode.swift; path = Coordinator.swift; sourceTree = "<group>"; };
		2CE13BC427E261440081F4EB /* RegisterViewModel.swift */ = {isa = PBXFileReference; lastKnownFileType = sourcecode.swift; path = RegisterViewModel.swift; sourceTree = "<group>"; };
/* End PBXFileReference section */

/* Begin PBXFrameworksBuildPhase section */
		2C54D0CA27E148A2003B6371 /* Frameworks */ = {
			isa = PBXFrameworksBuildPhase;
			buildActionMask = 2147483647;
			files = (
				2CCD0E4527E38B1E00527ACA /* Kingfisher in Frameworks */,
				2CCD0E5427E3A9FE00527ACA /* IQKeyboardManagerSwift in Frameworks */,
			);
			runOnlyForDeploymentPostprocessing = 0;
		};
		2C54D0E027E148A4003B6371 /* Frameworks */ = {
			isa = PBXFrameworksBuildPhase;
			buildActionMask = 2147483647;
			files = (
			);
			runOnlyForDeploymentPostprocessing = 0;
		};
		2C54D0EA27E148A4003B6371 /* Frameworks */ = {
			isa = PBXFrameworksBuildPhase;
			buildActionMask = 2147483647;
			files = (
			);
			runOnlyForDeploymentPostprocessing = 0;
		};
/* End PBXFrameworksBuildPhase section */

/* Begin PBXGroup section */
		2C54D0C427E148A2003B6371 = {
			isa = PBXGroup;
			children = (
				2C54D0CF27E148A2003B6371 /* code_challenge */,
				2C54D0E627E148A4003B6371 /* code_challengeTests */,
				2C54D0F027E148A4003B6371 /* code_challengeUITests */,
				2C54D0CE27E148A2003B6371 /* Products */,
			);
			sourceTree = "<group>";
		};
		2C54D0CE27E148A2003B6371 /* Products */ = {
			isa = PBXGroup;
			children = (
				2C54D0CD27E148A2003B6371 /* code_challenge.app */,
				2C54D0E327E148A4003B6371 /* code_challengeTests.xctest */,
				2C54D0ED27E148A4003B6371 /* code_challengeUITests.xctest */,
			);
			name = Products;
			sourceTree = "<group>";
		};
		2C54D0CF27E148A2003B6371 /* code_challenge */ = {
			isa = PBXGroup;
			children = (
				2CCD0E5927E3AD7300527ACA /* Application */,
				2C54D0D927E148A4003B6371 /* Assets.xcassets */,
				2CE13BC127E260FF0081F4EB /* Coordinator */,
				2C54D0DE27E148A4003B6371 /* Info.plist */,
				2C54D0DB27E148A4003B6371 /* LaunchScreen.storyboard */,
				2C54D0D627E148A2003B6371 /* Main.storyboard */,
				2CE13BBD27E25FE60081F4EB /* Models */,
				2CCD0E2927E362C500527ACA /* Network */,
				2CCD0E5F27E3B07500527ACA /* Repository */,
				2CE13BB627E25E9E0081F4EB /* Utils */,
				2C54D10027E1492B003B6371 /* Views */,
			);
			path = code_challenge;
			sourceTree = "<group>";
		};
		2C54D0E627E148A4003B6371 /* code_challengeTests */ = {
			isa = PBXGroup;
			children = (
				2C54D0E727E148A4003B6371 /* code_challengeTests.swift */,
			);
			path = code_challengeTests;
			sourceTree = "<group>";
		};
		2C54D0F027E148A4003B6371 /* code_challengeUITests */ = {
			isa = PBXGroup;
			children = (
				2C54D0F127E148A4003B6371 /* code_challengeUITests.swift */,
				2C54D0F327E148A4003B6371 /* code_challengeUITestsLaunchTests.swift */,
			);
			path = code_challengeUITests;
			sourceTree = "<group>";
		};
		2C54D10027E1492B003B6371 /* Views */ = {
			isa = PBXGroup;
			children = (
				2C54D10127E1497D003B6371 /* Register */,
				2C54D10327E1499E003B6371 /* UserDetail */,
				2C54D10227E14995003B6371 /* UserList */,
			);
			path = Views;
			sourceTree = "<group>";
		};
		2C54D10127E1497D003B6371 /* Register */ = {
			isa = PBXGroup;
			children = (
				2C54D10427E14BB6003B6371 /* RegisterViewController.swift */,
				2CE13BC427E261440081F4EB /* RegisterViewModel.swift */,
				2CA69E3127E2789C0011F79A /* MainCoordinator.swift */,
			);
			path = Register;
			sourceTree = "<group>";
		};
		2C54D10227E14995003B6371 /* UserList */ = {
			isa = PBXGroup;
			children = (
				2CCD0E3527E37AC100527ACA /* Cell */,
				2C54D10627E14BCF003B6371 /* UserListViewController.swift */,
				2CCD0E2E27E3728B00527ACA /* UserListCoordinator.swift */,
				2CCD0E3027E3738500527ACA /* UserListViewModel.swift */,
			);
			path = UserList;
			sourceTree = "<group>";
		};
		2C54D10327E1499E003B6371 /* UserDetail */ = {
			isa = PBXGroup;
			children = (
				2CCD0E5A27E3B01300527ACA /* Model */,
				2CCD0E4A27E3A2CD00527ACA /* Cell */,
				2C54D10827E14BDC003B6371 /* UserDetailViewController.swift */,
				2CCD0E4127E3885200527ACA /* UserDetailViewModel.swift */,
			);
			path = UserDetail;
			sourceTree = "<group>";
		};
		2CA69E3527E281900011F79A /* Validator */ = {
			isa = PBXGroup;
			children = (
				2CA69E3627E2831C0011F79A /* EmailValidator.swift */,
			);
			path = Validator;
			sourceTree = "<group>";
		};
		2CCD0E2927E362C500527ACA /* Network */ = {
			isa = PBXGroup;
			children = (
				2CCD0E2A27E362DD00527ACA /* ApiClient.swift */,
				2CCD0E4627E39BBD00527ACA /* APIError.swift */,
				2CCD0E5527E3ACAE00527ACA /* RoutePath.swift */,
				2CCD0E2C27E36E8400527ACA /* TargetType.swift */,
				2CCD0E5727E3AD2100527ACA /* URL+Ext.swift */,
			);
			path = Network;
			sourceTree = "<group>";
		};
		2CCD0E3227E3788000527ACA /* DataSource */ = {
			isa = PBXGroup;
			children = (
				2CCD0E3327E3789300527ACA /* CombineTableViewDataSource.swift */,
			);
			path = DataSource;
			sourceTree = "<group>";
		};
		2CCD0E3527E37AC100527ACA /* Cell */ = {
			isa = PBXGroup;
			children = (
				2CCD0E3627E37AD500527ACA /* UserItemTableViewCell.swift */,
				2CCD0E3727E37AD500527ACA /* UserItemTableViewCell.xib */,
			);
			path = Cell;
			sourceTree = "<group>";
		};
		2CCD0E4A27E3A2CD00527ACA /* Cell */ = {
			isa = PBXGroup;
			children = (
				2CCD0E4B27E3A2EC00527ACA /* UserInfoTableViewCell.swift */,
				2CCD0E4C27E3A2EC00527ACA /* UserInfoTableViewCell.xib */,
			);
			path = Cell;
			sourceTree = "<group>";
		};
		2CCD0E5927E3AD7300527ACA /* Application */ = {
			isa = PBXGroup;
			children = (
				2CA69E3327E279DE0011F79A /* AppCoordinator.swift */,
				2C54D0D027E148A2003B6371 /* AppDelegate.swift */,
				2C54D0D227E148A2003B6371 /* SceneDelegate.swift */,
			);
			path = Application;
			sourceTree = "<group>";
		};
		2CCD0E5A27E3B01300527ACA /* Model */ = {
			isa = PBXGroup;
			children = (
				2CCD0E5B27E3B02000527ACA /* UserInfoItem.swift */,
			);
			path = Model;
			sourceTree = "<group>";
		};
		2CCD0E5F27E3B07500527ACA /* Repository */ = {
			isa = PBXGroup;
			children = (
				2CCD0E6027E3B09400527ACA /* UserRepository.swift */,
			);
			path = Repository;
			sourceTree = "<group>";
		};
		2CE13BB627E25E9E0081F4EB /* Utils */ = {
			isa = PBXGroup;
			children = (
				2CCD0E3227E3788000527ACA /* DataSource */,
				2CCD0E4F27E3A77A00527ACA /* ErrorHandler.swift */,
				2CE13BB727E25EAA0081F4EB /* Extension */,
				2CE13BBB27E25EE70081F4EB /* StoryboardInstaniate.swift */,
				2CA69E3527E281900011F79A /* Validator */,
			);
			path = Utils;
			sourceTree = "<group>";
		};
		2CE13BB727E25EAA0081F4EB /* Extension */ = {
			isa = PBXGroup;
			children = (
				2CE13BB927E25EC00081F4EB /* Storyboard+Ext.swift */,
				2CCD0E3A27E37B1900527ACA /* UITableView+Ext.swift */,
				2CA69E3827E28A0E0011F79A /* UITextField+Ext.swift */,
			);
			path = Extension;
			sourceTree = "<group>";
		};
		2CE13BBD27E25FE60081F4EB /* Models */ = {
			isa = PBXGroup;
			children = (
				2CE13BBE27E25FEF0081F4EB /* Response */,
			);
			path = Models;
			sourceTree = "<group>";
		};
		2CE13BBE27E25FEF0081F4EB /* Response */ = {
			isa = PBXGroup;
			children = (
				2CE13BBF27E25FF80081F4EB /* User.swift */,
				2CCD0E3F27E386F100527ACA /* UserDetail.swift */,
			);
			path = Response;
			sourceTree = "<group>";
		};
		2CE13BC127E260FF0081F4EB /* Coordinator */ = {
			isa = PBXGroup;
			children = (
				2CE13BC227E2610C0081F4EB /* Coordinator.swift */,
			);
			path = Coordinator;
			sourceTree = "<group>";
		};
/* End PBXGroup section */

/* Begin PBXNativeTarget section */
		2C54D0CC27E148A2003B6371 /* code_challenge */ = {
			isa = PBXNativeTarget;
			buildConfigurationList = 2C54D0F727E148A4003B6371 /* Build configuration list for PBXNativeTarget "code_challenge" */;
			buildPhases = (
				2C54D0C927E148A2003B6371 /* Sources */,
				2C54D0CA27E148A2003B6371 /* Frameworks */,
				2C54D0CB27E148A2003B6371 /* Resources */,
			);
			buildRules = (
			);
			dependencies = (
			);
			name = code_challenge;
			packageProductDependencies = (
				2CCD0E4427E38B1E00527ACA /* Kingfisher */,
				2CCD0E5327E3A9FE00527ACA /* IQKeyboardManagerSwift */,
			);
			productName = code_challenge;
			productReference = 2C54D0CD27E148A2003B6371 /* code_challenge.app */;
			productType = "com.apple.product-type.application";
		};
		2C54D0E227E148A4003B6371 /* code_challengeTests */ = {
			isa = PBXNativeTarget;
			buildConfigurationList = 2C54D0FA27E148A4003B6371 /* Build configuration list for PBXNativeTarget "code_challengeTests" */;
			buildPhases = (
				2C54D0DF27E148A4003B6371 /* Sources */,
				2C54D0E027E148A4003B6371 /* Frameworks */,
				2C54D0E127E148A4003B6371 /* Resources */,
			);
			buildRules = (
			);
			dependencies = (
				2C54D0E527E148A4003B6371 /* PBXTargetDependency */,
			);
			name = code_challengeTests;
			productName = code_challengeTests;
			productReference = 2C54D0E327E148A4003B6371 /* code_challengeTests.xctest */;
			productType = "com.apple.product-type.bundle.unit-test";
		};
		2C54D0EC27E148A4003B6371 /* code_challengeUITests */ = {
			isa = PBXNativeTarget;
			buildConfigurationList = 2C54D0FD27E148A4003B6371 /* Build configuration list for PBXNativeTarget "code_challengeUITests" */;
			buildPhases = (
				2C54D0E927E148A4003B6371 /* Sources */,
				2C54D0EA27E148A4003B6371 /* Frameworks */,
				2C54D0EB27E148A4003B6371 /* Resources */,
			);
			buildRules = (
			);
			dependencies = (
				2C54D0EF27E148A4003B6371 /* PBXTargetDependency */,
			);
			name = code_challengeUITests;
			productName = code_challengeUITests;
			productReference = 2C54D0ED27E148A4003B6371 /* code_challengeUITests.xctest */;
			productType = "com.apple.product-type.bundle.ui-testing";
		};
/* End PBXNativeTarget section */

/* Begin PBXProject section */
		2C54D0C527E148A2003B6371 /* Project object */ = {
			isa = PBXProject;
			attributes = {
				BuildIndependentTargetsInParallel = 1;
				LastSwiftUpdateCheck = 1320;
				LastUpgradeCheck = 1320;
				TargetAttributes = {
					2C54D0CC27E148A2003B6371 = {
						CreatedOnToolsVersion = 13.2.1;
					};
					2C54D0E227E148A4003B6371 = {
						CreatedOnToolsVersion = 13.2.1;
						TestTargetID = 2C54D0CC27E148A2003B6371;
					};
					2C54D0EC27E148A4003B6371 = {
						CreatedOnToolsVersion = 13.2.1;
						TestTargetID = 2C54D0CC27E148A2003B6371;
					};
				};
			};
			buildConfigurationList = 2C54D0C827E148A2003B6371 /* Build configuration list for PBXProject "code_challenge" */;
			compatibilityVersion = "Xcode 13.0";
			developmentRegion = en;
			hasScannedForEncodings = 0;
			knownRegions = (
				en,
				Base,
			);
			mainGroup = 2C54D0C427E148A2003B6371;
			packageReferences = (
				2CCD0E4327E38B1E00527ACA /* XCRemoteSwiftPackageReference "Kingfisher" */,
				2CCD0E5227E3A9FE00527ACA /* XCRemoteSwiftPackageReference "IQKeyboardManager" */,
			);
			productRefGroup = 2C54D0CE27E148A2003B6371 /* Products */;
			projectDirPath = "";
			projectRoot = "";
			targets = (
				2C54D0CC27E148A2003B6371 /* code_challenge */,
				2C54D0E227E148A4003B6371 /* code_challengeTests */,
				2C54D0EC27E148A4003B6371 /* code_challengeUITests */,
			);
		};
/* End PBXProject section */

/* Begin PBXResourcesBuildPhase section */
		2C54D0CB27E148A2003B6371 /* Resources */ = {
			isa = PBXResourcesBuildPhase;
			buildActionMask = 2147483647;
			files = (
				2CCD0E4E27E3A2EC00527ACA /* UserInfoTableViewCell.xib in Resources */,
				2C54D0DD27E148A4003B6371 /* LaunchScreen.storyboard in Resources */,
				2C54D0DA27E148A4003B6371 /* Assets.xcassets in Resources */,
				2C54D0D827E148A2003B6371 /* Main.storyboard in Resources */,
				2CCD0E3927E37AD500527ACA /* UserItemTableViewCell.xib in Resources */,
			);
			runOnlyForDeploymentPostprocessing = 0;
		};
		2C54D0E127E148A4003B6371 /* Resources */ = {
			isa = PBXResourcesBuildPhase;
			buildActionMask = 2147483647;
			files = (
			);
			runOnlyForDeploymentPostprocessing = 0;
		};
		2C54D0EB27E148A4003B6371 /* Resources */ = {
			isa = PBXResourcesBuildPhase;
			buildActionMask = 2147483647;
			files = (
			);
			runOnlyForDeploymentPostprocessing = 0;
		};
/* End PBXResourcesBuildPhase section */

/* Begin PBXSourcesBuildPhase section */
		2C54D0C927E148A2003B6371 /* Sources */ = {
			isa = PBXSourcesBuildPhase;
			buildActionMask = 2147483647;
			files = (
				2CE13BBA27E25EC00081F4EB /* Storyboard+Ext.swift in Sources */,
				2CA69E3227E2789C0011F79A /* MainCoordinator.swift in Sources */,
				2CA69E3427E279DE0011F79A /* AppCoordinator.swift in Sources */,
				2CCD0E5C27E3B02000527ACA /* UserInfoItem.swift in Sources */,
				2CCD0E5827E3AD2100527ACA /* URL+Ext.swift in Sources */,
				2CCD0E2F27E3728B00527ACA /* UserListCoordinator.swift in Sources */,
				2CA69E3927E28A0E0011F79A /* UITextField+Ext.swift in Sources */,
				2CCD0E5027E3A77A00527ACA /* ErrorHandler.swift in Sources */,
				2CCD0E6127E3B09400527ACA /* UserRepository.swift in Sources */,
				2CCD0E4727E39BBD00527ACA /* APIError.swift in Sources */,
				2CCD0E2D27E36E8400527ACA /* TargetType.swift in Sources */,
				2C54D10727E14BCF003B6371 /* UserListViewController.swift in Sources */,
				2CCD0E4D27E3A2EC00527ACA /* UserInfoTableViewCell.swift in Sources */,
				2CCD0E3827E37AD500527ACA /* UserItemTableViewCell.swift in Sources */,
				2CCD0E4027E386F200527ACA /* UserDetail.swift in Sources */,
				2CE13BC327E2610C0081F4EB /* Coordinator.swift in Sources */,
				2CA69E3727E2831C0011F79A /* EmailValidator.swift in Sources */,
				2CE13BC527E261440081F4EB /* RegisterViewModel.swift in Sources */,
				2C54D10927E14BDC003B6371 /* UserDetailViewController.swift in Sources */,
				2C54D0D127E148A2003B6371 /* AppDelegate.swift in Sources */,
				2CE13BC027E25FF80081F4EB /* User.swift in Sources */,
				2CCD0E3127E3738500527ACA /* UserListViewModel.swift in Sources */,
				2CCD0E3427E3789300527ACA /* CombineTableViewDataSource.swift in Sources */,
				2C54D0D327E148A2003B6371 /* SceneDelegate.swift in Sources */,
				2CCD0E4227E3885200527ACA /* UserDetailViewModel.swift in Sources */,
				2CE13BBC27E25EE70081F4EB /* StoryboardInstaniate.swift in Sources */,
				2CCD0E3B27E37B1900527ACA /* UITableView+Ext.swift in Sources */,
				2C54D10527E14BB6003B6371 /* RegisterViewController.swift in Sources */,
				2CCD0E5627E3ACAE00527ACA /* RoutePath.swift in Sources */,
				2CCD0E2B27E362DD00527ACA /* ApiClient.swift in Sources */,
			);
			runOnlyForDeploymentPostprocessing = 0;
		};
		2C54D0DF27E148A4003B6371 /* Sources */ = {
			isa = PBXSourcesBuildPhase;
			buildActionMask = 2147483647;
			files = (
				2C54D0E827E148A4003B6371 /* code_challengeTests.swift in Sources */,
				2CCD0E5D27E3B02F00527ACA /* UserInfoItem.swift in Sources */,
				2CCD0E6227E3B09400527ACA /* UserRepository.swift in Sources */,
			);
			runOnlyForDeploymentPostprocessing = 0;
		};
		2C54D0E927E148A4003B6371 /* Sources */ = {
			isa = PBXSourcesBuildPhase;
			buildActionMask = 2147483647;
			files = (
				2C54D0F227E148A4003B6371 /* code_challengeUITests.swift in Sources */,
				2CCD0E5E27E3B02F00527ACA /* UserInfoItem.swift in Sources */,
				2C54D0F427E148A4003B6371 /* code_challengeUITestsLaunchTests.swift in Sources */,
			);
			runOnlyForDeploymentPostprocessing = 0;
		};
/* End PBXSourcesBuildPhase section */

/* Begin PBXTargetDependency section */
		2C54D0E527E148A4003B6371 /* PBXTargetDependency */ = {
			isa = PBXTargetDependency;
			target = 2C54D0CC27E148A2003B6371 /* code_challenge */;
			targetProxy = 2C54D0E427E148A4003B6371 /* PBXContainerItemProxy */;
		};
		2C54D0EF27E148A4003B6371 /* PBXTargetDependency */ = {
			isa = PBXTargetDependency;
			target = 2C54D0CC27E148A2003B6371 /* code_challenge */;
			targetProxy = 2C54D0EE27E148A4003B6371 /* PBXContainerItemProxy */;
		};
/* End PBXTargetDependency section */

/* Begin PBXVariantGroup section */
		2C54D0D627E148A2003B6371 /* Main.storyboard */ = {
			isa = PBXVariantGroup;
			children = (
				2C54D0D727E148A2003B6371 /* Base */,
			);
			name = Main.storyboard;
			sourceTree = "<group>";
		};
		2C54D0DB27E148A4003B6371 /* LaunchScreen.storyboard */ = {
			isa = PBXVariantGroup;
			children = (
				2C54D0DC27E148A4003B6371 /* Base */,
			);
			name = LaunchScreen.storyboard;
			sourceTree = "<group>";
		};
/* End PBXVariantGroup section */

/* Begin XCBuildConfiguration section */
		2C54D0F527E148A4003B6371 /* Debug */ = {
			isa = XCBuildConfiguration;
			buildSettings = {
				ALWAYS_SEARCH_USER_PATHS = NO;
				CLANG_ANALYZER_NONNULL = YES;
				CLANG_ANALYZER_NUMBER_OBJECT_CONVERSION = YES_AGGRESSIVE;
				CLANG_CXX_LANGUAGE_STANDARD = "gnu++17";
				CLANG_CXX_LIBRARY = "libc++";
				CLANG_ENABLE_MODULES = YES;
				CLANG_ENABLE_OBJC_ARC = YES;
				CLANG_ENABLE_OBJC_WEAK = YES;
				CLANG_WARN_BLOCK_CAPTURE_AUTORELEASING = YES;
				CLANG_WARN_BOOL_CONVERSION = YES;
				CLANG_WARN_COMMA = YES;
				CLANG_WARN_CONSTANT_CONVERSION = YES;
				CLANG_WARN_DEPRECATED_OBJC_IMPLEMENTATIONS = YES;
				CLANG_WARN_DIRECT_OBJC_ISA_USAGE = YES_ERROR;
				CLANG_WARN_DOCUMENTATION_COMMENTS = YES;
				CLANG_WARN_EMPTY_BODY = YES;
				CLANG_WARN_ENUM_CONVERSION = YES;
				CLANG_WARN_INFINITE_RECURSION = YES;
				CLANG_WARN_INT_CONVERSION = YES;
				CLANG_WARN_NON_LITERAL_NULL_CONVERSION = YES;
				CLANG_WARN_OBJC_IMPLICIT_RETAIN_SELF = YES;
				CLANG_WARN_OBJC_LITERAL_CONVERSION = YES;
				CLANG_WARN_OBJC_ROOT_CLASS = YES_ERROR;
				CLANG_WARN_QUOTED_INCLUDE_IN_FRAMEWORK_HEADER = YES;
				CLANG_WARN_RANGE_LOOP_ANALYSIS = YES;
				CLANG_WARN_STRICT_PROTOTYPES = YES;
				CLANG_WARN_SUSPICIOUS_MOVE = YES;
				CLANG_WARN_UNGUARDED_AVAILABILITY = YES_AGGRESSIVE;
				CLANG_WARN_UNREACHABLE_CODE = YES;
				CLANG_WARN__DUPLICATE_METHOD_MATCH = YES;
				COPY_PHASE_STRIP = NO;
				DEBUG_INFORMATION_FORMAT = dwarf;
				ENABLE_STRICT_OBJC_MSGSEND = YES;
				ENABLE_TESTABILITY = YES;
				GCC_C_LANGUAGE_STANDARD = gnu11;
				GCC_DYNAMIC_NO_PIC = NO;
				GCC_NO_COMMON_BLOCKS = YES;
				GCC_OPTIMIZATION_LEVEL = 0;
				GCC_PREPROCESSOR_DEFINITIONS = (
					"DEBUG=1",
					"$(inherited)",
				);
				GCC_WARN_64_TO_32_BIT_CONVERSION = YES;
				GCC_WARN_ABOUT_RETURN_TYPE = YES_ERROR;
				GCC_WARN_UNDECLARED_SELECTOR = YES;
				GCC_WARN_UNINITIALIZED_AUTOS = YES_AGGRESSIVE;
				GCC_WARN_UNUSED_FUNCTION = YES;
				GCC_WARN_UNUSED_VARIABLE = YES;
				IPHONEOS_DEPLOYMENT_TARGET = 15.2;
				MTL_ENABLE_DEBUG_INFO = INCLUDE_SOURCE;
				MTL_FAST_MATH = YES;
				ONLY_ACTIVE_ARCH = YES;
				SDKROOT = iphoneos;
				SWIFT_ACTIVE_COMPILATION_CONDITIONS = DEBUG;
				SWIFT_OPTIMIZATION_LEVEL = "-Onone";
			};
			name = Debug;
		};
		2C54D0F627E148A4003B6371 /* Release */ = {
			isa = XCBuildConfiguration;
			buildSettings = {
				ALWAYS_SEARCH_USER_PATHS = NO;
				CLANG_ANALYZER_NONNULL = YES;
				CLANG_ANALYZER_NUMBER_OBJECT_CONVERSION = YES_AGGRESSIVE;
				CLANG_CXX_LANGUAGE_STANDARD = "gnu++17";
				CLANG_CXX_LIBRARY = "libc++";
				CLANG_ENABLE_MODULES = YES;
				CLANG_ENABLE_OBJC_ARC = YES;
				CLANG_ENABLE_OBJC_WEAK = YES;
				CLANG_WARN_BLOCK_CAPTURE_AUTORELEASING = YES;
				CLANG_WARN_BOOL_CONVERSION = YES;
				CLANG_WARN_COMMA = YES;
				CLANG_WARN_CONSTANT_CONVERSION = YES;
				CLANG_WARN_DEPRECATED_OBJC_IMPLEMENTATIONS = YES;
				CLANG_WARN_DIRECT_OBJC_ISA_USAGE = YES_ERROR;
				CLANG_WARN_DOCUMENTATION_COMMENTS = YES;
				CLANG_WARN_EMPTY_BODY = YES;
				CLANG_WARN_ENUM_CONVERSION = YES;
				CLANG_WARN_INFINITE_RECURSION = YES;
				CLANG_WARN_INT_CONVERSION = YES;
				CLANG_WARN_NON_LITERAL_NULL_CONVERSION = YES;
				CLANG_WARN_OBJC_IMPLICIT_RETAIN_SELF = YES;
				CLANG_WARN_OBJC_LITERAL_CONVERSION = YES;
				CLANG_WARN_OBJC_ROOT_CLASS = YES_ERROR;
				CLANG_WARN_QUOTED_INCLUDE_IN_FRAMEWORK_HEADER = YES;
				CLANG_WARN_RANGE_LOOP_ANALYSIS = YES;
				CLANG_WARN_STRICT_PROTOTYPES = YES;
				CLANG_WARN_SUSPICIOUS_MOVE = YES;
				CLANG_WARN_UNGUARDED_AVAILABILITY = YES_AGGRESSIVE;
				CLANG_WARN_UNREACHABLE_CODE = YES;
				CLANG_WARN__DUPLICATE_METHOD_MATCH = YES;
				COPY_PHASE_STRIP = NO;
				DEBUG_INFORMATION_FORMAT = "dwarf-with-dsym";
				ENABLE_NS_ASSERTIONS = NO;
				ENABLE_STRICT_OBJC_MSGSEND = YES;
				GCC_C_LANGUAGE_STANDARD = gnu11;
				GCC_NO_COMMON_BLOCKS = YES;
				GCC_WARN_64_TO_32_BIT_CONVERSION = YES;
				GCC_WARN_ABOUT_RETURN_TYPE = YES_ERROR;
				GCC_WARN_UNDECLARED_SELECTOR = YES;
				GCC_WARN_UNINITIALIZED_AUTOS = YES_AGGRESSIVE;
				GCC_WARN_UNUSED_FUNCTION = YES;
				GCC_WARN_UNUSED_VARIABLE = YES;
				IPHONEOS_DEPLOYMENT_TARGET = 15.2;
				MTL_ENABLE_DEBUG_INFO = NO;
				MTL_FAST_MATH = YES;
				SDKROOT = iphoneos;
				SWIFT_COMPILATION_MODE = wholemodule;
				SWIFT_OPTIMIZATION_LEVEL = "-O";
				VALIDATE_PRODUCT = YES;
			};
			name = Release;
		};
		2C54D0F827E148A4003B6371 /* Debug */ = {
			isa = XCBuildConfiguration;
			buildSettings = {
				ASSETCATALOG_COMPILER_APPICON_NAME = AppIcon;
				ASSETCATALOG_COMPILER_GLOBAL_ACCENT_COLOR_NAME = AccentColor;
				CODE_SIGN_STYLE = Automatic;
				CURRENT_PROJECT_VERSION = 1;
				DEVELOPMENT_TEAM = 7UP5GX5S28;
				GENERATE_INFOPLIST_FILE = YES;
				INFOPLIST_FILE = code_challenge/Info.plist;
				INFOPLIST_KEY_UIApplicationSupportsIndirectInputEvents = YES;
				INFOPLIST_KEY_UILaunchStoryboardName = LaunchScreen;
				INFOPLIST_KEY_UISupportedInterfaceOrientations_iPad = "UIInterfaceOrientationPortrait UIInterfaceOrientationPortraitUpsideDown UIInterfaceOrientationLandscapeLeft UIInterfaceOrientationLandscapeRight";
				INFOPLIST_KEY_UISupportedInterfaceOrientations_iPhone = "UIInterfaceOrientationPortrait UIInterfaceOrientationLandscapeLeft UIInterfaceOrientationLandscapeRight";
				IPHONEOS_DEPLOYMENT_TARGET = 13.0;
				LD_RUNPATH_SEARCH_PATHS = (
					"$(inherited)",
					"@executable_path/Frameworks",
				);
				MARKETING_VERSION = 1.0;
				PRODUCT_BUNDLE_IDENTIFIER = "com.hiennguyen.code-challenge";
				PRODUCT_NAME = "$(TARGET_NAME)";
				SWIFT_EMIT_LOC_STRINGS = YES;
				SWIFT_VERSION = 5.0;
				TARGETED_DEVICE_FAMILY = "1,2";
			};
			name = Debug;
		};
		2C54D0F927E148A4003B6371 /* Release */ = {
			isa = XCBuildConfiguration;
			buildSettings = {
				ASSETCATALOG_COMPILER_APPICON_NAME = AppIcon;
				ASSETCATALOG_COMPILER_GLOBAL_ACCENT_COLOR_NAME = AccentColor;
				CODE_SIGN_STYLE = Automatic;
				CURRENT_PROJECT_VERSION = 1;
				DEVELOPMENT_TEAM = 7UP5GX5S28;
				GENERATE_INFOPLIST_FILE = YES;
				INFOPLIST_FILE = code_challenge/Info.plist;
				INFOPLIST_KEY_UIApplicationSupportsIndirectInputEvents = YES;
				INFOPLIST_KEY_UILaunchStoryboardName = LaunchScreen;
				INFOPLIST_KEY_UISupportedInterfaceOrientations_iPad = "UIInterfaceOrientationPortrait UIInterfaceOrientationPortraitUpsideDown UIInterfaceOrientationLandscapeLeft UIInterfaceOrientationLandscapeRight";
				INFOPLIST_KEY_UISupportedInterfaceOrientations_iPhone = "UIInterfaceOrientationPortrait UIInterfaceOrientationLandscapeLeft UIInterfaceOrientationLandscapeRight";
				IPHONEOS_DEPLOYMENT_TARGET = 13.0;
				LD_RUNPATH_SEARCH_PATHS = (
					"$(inherited)",
					"@executable_path/Frameworks",
				);
				MARKETING_VERSION = 1.0;
				PRODUCT_BUNDLE_IDENTIFIER = "com.hiennguyen.code-challenge";
				PRODUCT_NAME = "$(TARGET_NAME)";
				SWIFT_EMIT_LOC_STRINGS = YES;
				SWIFT_VERSION = 5.0;
				TARGETED_DEVICE_FAMILY = "1,2";
			};
			name = Release;
		};
		2C54D0FB27E148A4003B6371 /* Debug */ = {
			isa = XCBuildConfiguration;
			buildSettings = {
				ALWAYS_EMBED_SWIFT_STANDARD_LIBRARIES = YES;
				BUNDLE_LOADER = "$(TEST_HOST)";
				CODE_SIGN_STYLE = Automatic;
				CURRENT_PROJECT_VERSION = 1;
				DEVELOPMENT_TEAM = 7UP5GX5S28;
				GENERATE_INFOPLIST_FILE = YES;
				IPHONEOS_DEPLOYMENT_TARGET = 15.2;
				MARKETING_VERSION = 1.0;
				PRODUCT_BUNDLE_IDENTIFIER = "com.hiennguyen.code-challengeTests";
				PRODUCT_NAME = "$(TARGET_NAME)";
				SWIFT_EMIT_LOC_STRINGS = NO;
				SWIFT_VERSION = 5.0;
				TARGETED_DEVICE_FAMILY = "1,2";
				TEST_HOST = "$(BUILT_PRODUCTS_DIR)/code_challenge.app/code_challenge";
			};
			name = Debug;
		};
		2C54D0FC27E148A4003B6371 /* Release */ = {
			isa = XCBuildConfiguration;
			buildSettings = {
				ALWAYS_EMBED_SWIFT_STANDARD_LIBRARIES = YES;
				BUNDLE_LOADER = "$(TEST_HOST)";
				CODE_SIGN_STYLE = Automatic;
				CURRENT_PROJECT_VERSION = 1;
				DEVELOPMENT_TEAM = 7UP5GX5S28;
				GENERATE_INFOPLIST_FILE = YES;
				IPHONEOS_DEPLOYMENT_TARGET = 15.2;
				MARKETING_VERSION = 1.0;
				PRODUCT_BUNDLE_IDENTIFIER = "com.hiennguyen.code-challengeTests";
				PRODUCT_NAME = "$(TARGET_NAME)";
				SWIFT_EMIT_LOC_STRINGS = NO;
				SWIFT_VERSION = 5.0;
				TARGETED_DEVICE_FAMILY = "1,2";
				TEST_HOST = "$(BUILT_PRODUCTS_DIR)/code_challenge.app/code_challenge";
			};
			name = Release;
		};
		2C54D0FE27E148A4003B6371 /* Debug */ = {
			isa = XCBuildConfiguration;
			buildSettings = {
				ALWAYS_EMBED_SWIFT_STANDARD_LIBRARIES = YES;
				CODE_SIGN_STYLE = Automatic;
				CURRENT_PROJECT_VERSION = 1;
				DEVELOPMENT_TEAM = 7UP5GX5S28;
				GENERATE_INFOPLIST_FILE = YES;
				MARKETING_VERSION = 1.0;
				PRODUCT_BUNDLE_IDENTIFIER = "com.hiennguyen.code-challengeUITests";
				PRODUCT_NAME = "$(TARGET_NAME)";
				SWIFT_EMIT_LOC_STRINGS = NO;
				SWIFT_VERSION = 5.0;
				TARGETED_DEVICE_FAMILY = "1,2";
				TEST_TARGET_NAME = code_challenge;
			};
			name = Debug;
		};
		2C54D0FF27E148A4003B6371 /* Release */ = {
			isa = XCBuildConfiguration;
			buildSettings = {
				ALWAYS_EMBED_SWIFT_STANDARD_LIBRARIES = YES;
				CODE_SIGN_STYLE = Automatic;
				CURRENT_PROJECT_VERSION = 1;
				DEVELOPMENT_TEAM = 7UP5GX5S28;
				GENERATE_INFOPLIST_FILE = YES;
				MARKETING_VERSION = 1.0;
				PRODUCT_BUNDLE_IDENTIFIER = "com.hiennguyen.code-challengeUITests";
				PRODUCT_NAME = "$(TARGET_NAME)";
				SWIFT_EMIT_LOC_STRINGS = NO;
				SWIFT_VERSION = 5.0;
				TARGETED_DEVICE_FAMILY = "1,2";
				TEST_TARGET_NAME = code_challenge;
			};
			name = Release;
		};
/* End XCBuildConfiguration section */

/* Begin XCConfigurationList section */
		2C54D0C827E148A2003B6371 /* Build configuration list for PBXProject "code_challenge" */ = {
			isa = XCConfigurationList;
			buildConfigurations = (
				2C54D0F527E148A4003B6371 /* Debug */,
				2C54D0F627E148A4003B6371 /* Release */,
			);
			defaultConfigurationIsVisible = 0;
			defaultConfigurationName = Release;
		};
		2C54D0F727E148A4003B6371 /* Build configuration list for PBXNativeTarget "code_challenge" */ = {
			isa = XCConfigurationList;
			buildConfigurations = (
				2C54D0F827E148A4003B6371 /* Debug */,
				2C54D0F927E148A4003B6371 /* Release */,
			);
			defaultConfigurationIsVisible = 0;
			defaultConfigurationName = Release;
		};
		2C54D0FA27E148A4003B6371 /* Build configuration list for PBXNativeTarget "code_challengeTests" */ = {
			isa = XCConfigurationList;
			buildConfigurations = (
				2C54D0FB27E148A4003B6371 /* Debug */,
				2C54D0FC27E148A4003B6371 /* Release */,
			);
			defaultConfigurationIsVisible = 0;
			defaultConfigurationName = Release;
		};
		2C54D0FD27E148A4003B6371 /* Build configuration list for PBXNativeTarget "code_challengeUITests" */ = {
			isa = XCConfigurationList;
			buildConfigurations = (
				2C54D0FE27E148A4003B6371 /* Debug */,
				2C54D0FF27E148A4003B6371 /* Release */,
			);
			defaultConfigurationIsVisible = 0;
			defaultConfigurationName = Release;
		};
/* End XCConfigurationList section */

/* Begin XCRemoteSwiftPackageReference section */
		2CCD0E4327E38B1E00527ACA /* XCRemoteSwiftPackageReference "Kingfisher" */ = {
			isa = XCRemoteSwiftPackageReference;
			repositoryURL = "https://github.com/onevcat/Kingfisher";
			requirement = {
				kind = upToNextMajorVersion;
				minimumVersion = 7.0.0;
			};
		};
		2CCD0E5227E3A9FE00527ACA /* XCRemoteSwiftPackageReference "IQKeyboardManager" */ = {
			isa = XCRemoteSwiftPackageReference;
			repositoryURL = "https://github.com/hackiftekhar/IQKeyboardManager";
			requirement = {
				branch = master;
				kind = branch;
			};
		};
/* End XCRemoteSwiftPackageReference section */

/* Begin XCSwiftPackageProductDependency section */
		2CCD0E4427E38B1E00527ACA /* Kingfisher */ = {
			isa = XCSwiftPackageProductDependency;
			package = 2CCD0E4327E38B1E00527ACA /* XCRemoteSwiftPackageReference "Kingfisher" */;
			productName = Kingfisher;
		};
		2CCD0E5327E3A9FE00527ACA /* IQKeyboardManagerSwift */ = {
			isa = XCSwiftPackageProductDependency;
			package = 2CCD0E5227E3A9FE00527ACA /* XCRemoteSwiftPackageReference "IQKeyboardManager" */;
			productName = IQKeyboardManagerSwift;
		};
/* End XCSwiftPackageProductDependency section */
	};
	rootObject = 2C54D0C527E148A2003B6371 /* Project object */;
}
